
Microsoft Visual Studio Solution File, Format Version 12.00
# Visual Studio Version 16
VisualStudioVersion = 16.0.30128.74
MinimumVisualStudioVersion = 10.0.40219.1
Project("{FAE04EC0-301F-11D3-BF4B-00C04F79EFBC}") = "ThreeDimensionalVector", "ThreeDimensionalArray\ThreeDimensionalVector.csproj", "{8CF9C306-4D3F-4CE5-BE5D-FFF4FC09A580}"
EndProject
Project("{2150E333-8FDC-42A3-9474-1A3956D46DE8}") = "Task_1", "Task_1", "{9FEC9231-9794-45C7-B1F6-1956D7EE5877}"
EndProject
Project("{2150E333-8FDC-42A3-9474-1A3956D46DE8}") = "Task_2", "Task_2", "{2D30C598-1996-4928-8301-9963F9D24177}"
EndProject
Project("{2150E333-8FDC-42A3-9474-1A3956D46DE8}") = "Task_3", "Task_3", "{FC2E7AC9-7956-462E-ACB8-FA74DC3AEACB}"
EndProject
Project("{FAE04EC0-301F-11D3-BF4B-00C04F79EFBC}") = "MathPolynomial", "MathPolynomial\MathPolynomial.csproj", "{4F7F69E3-3DBC-480B-A739-A4DB5CA37FA9}"
EndProject
Project("{FAE04EC0-301F-11D3-BF4B-00C04F79EFBC}") = "StoreGoods", "StoreGoods\StoreGoods.csproj", "{5190435D-ADDC-4FBE-AB8B-2B142076AF99}"
EndProject
Project("{FAE04EC0-301F-11D3-BF4B-00C04F79EFBC}") = "ThreeDimensionalVectorUnitTests", "ThreeDimensionalArrayUnitTests\ThreeDimensionalVectorUnitTests.csproj", "{E229028D-82BA-42D0-B0FB-76F66FDAE3EE}"
EndProject
Project("{FAE04EC0-301F-11D3-BF4B-00C04F79EFBC}") = "PolynomialUnitTests", "PolynomialUnitTests\PolynomialUnitTests.csproj", "{6434CA58-4223-4E7B-AF8F-F978CBFA6C6D}"
EndProject
Project("{FAE04EC0-301F-11D3-BF4B-00C04F79EFBC}") = "StoreGoodsUnitTests", "StoreGoodsUnitTests\StoreGoodsUnitTests.csproj", "{9158DE94-F4FE-44E6-A919-0A01007B63FF}"
EndProject
Global
	GlobalSection(SolutionConfigurationPlatforms) = preSolution
		Debug|Any CPU = Debug|Any CPU
		Release|Any CPU = Release|Any CPU
	EndGlobalSection
	GlobalSection(ProjectConfigurationPlatforms) = postSolution
		{8CF9C306-4D3F-4CE5-BE5D-FFF4FC09A580}.Debug|Any CPU.ActiveCfg = Debug|Any CPU
		{8CF9C306-4D3F-4CE5-BE5D-FFF4FC09A580}.Debug|Any CPU.Build.0 = Debug|Any CPU
		{8CF9C306-4D3F-4CE5-BE5D-FFF4FC09A580}.Release|Any CPU.ActiveCfg = Release|Any CPU
		{8CF9C306-4D3F-4CE5-BE5D-FFF4FC09A580}.Release|Any CPU.Build.0 = Release|Any CPU
		{4F7F69E3-3DBC-480B-A739-A4DB5CA37FA9}.Debug|Any CPU.ActiveCfg = Debug|Any CPU
		{4F7F69E3-3DBC-480B-A739-A4DB5CA37FA9}.Debug|Any CPU.Build.0 = Debug|Any CPU
		{4F7F69E3-3DBC-480B-A739-A4DB5CA37FA9}.Release|Any CPU.ActiveCfg = Release|Any CPU
		{4F7F69E3-3DBC-480B-A739-A4DB5CA37FA9}.Release|Any CPU.Build.0 = Release|Any CPU
		{5190435D-ADDC-4FBE-AB8B-2B142076AF99}.Debug|Any CPU.ActiveCfg = Debug|Any CPU
		{5190435D-ADDC-4FBE-AB8B-2B142076AF99}.Debug|Any CPU.Build.0 = Debug|Any CPU
		{5190435D-ADDC-4FBE-AB8B-2B142076AF99}.Release|Any CPU.ActiveCfg = Release|Any CPU
		{5190435D-ADDC-4FBE-AB8B-2B142076AF99}.Release|Any CPU.Build.0 = Release|Any CPU
		{E229028D-82BA-42D0-B0FB-76F66FDAE3EE}.Debug|Any CPU.ActiveCfg = Debug|Any CPU
		{E229028D-82BA-42D0-B0FB-76F66FDAE3EE}.Debug|Any CPU.Build.0 = Debug|Any CPU
		{E229028D-82BA-42D0-B0FB-76F66FDAE3EE}.Release|Any CPU.ActiveCfg = Release|Any CPU
		{E229028D-82BA-42D0-B0FB-76F66FDAE3EE}.Release|Any CPU.Build.0 = Release|Any CPU
		{6434CA58-4223-4E7B-AF8F-F978CBFA6C6D}.Debug|Any CPU.ActiveCfg = Debug|Any CPU
		{6434CA58-4223-4E7B-AF8F-F978CBFA6C6D}.Debug|Any CPU.Build.0 = Debug|Any CPU
		{6434CA58-4223-4E7B-AF8F-F978CBFA6C6D}.Release|Any CPU.ActiveCfg = Release|Any CPU
		{6434CA58-4223-4E7B-AF8F-F978CBFA6C6D}.Release|Any CPU.Build.0 = Release|Any CPU
		{9158DE94-F4FE-44E6-A919-0A01007B63FF}.Debug|Any CPU.ActiveCfg = Debug|Any CPU
		{9158DE94-F4FE-44E6-A919-0A01007B63FF}.Debug|Any CPU.Build.0 = Debug|Any CPU
		{9158DE94-F4FE-44E6-A919-0A01007B63FF}.Release|Any CPU.ActiveCfg = Release|Any CPU
		{9158DE94-F4FE-44E6-A919-0A01007B63FF}.Release|Any CPU.Build.0 = Release|Any CPU
	EndGlobalSection
	GlobalSection(SolutionProperties) = preSolution
		HideSolutionNode = FALSE
	EndGlobalSection
	GlobalSection(NestedProjects) = preSolution
		{8CF9C306-4D3F-4CE5-BE5D-FFF4FC09A580} = {9FEC9231-9794-45C7-B1F6-1956D7EE5877}
		{4F7F69E3-3DBC-480B-A739-A4DB5CA37FA9} = {2D30C598-1996-4928-8301-9963F9D24177}
		{5190435D-ADDC-4FBE-AB8B-2B142076AF99} = {FC2E7AC9-7956-462E-ACB8-FA74DC3AEACB}
		{E229028D-82BA-42D0-B0FB-76F66FDAE3EE} = {9FEC9231-9794-45C7-B1F6-1956D7EE5877}
		{6434CA58-4223-4E7B-AF8F-F978CBFA6C6D} = {2D30C598-1996-4928-8301-9963F9D24177}
		{9158DE94-F4FE-44E6-A919-0A01007B63FF} = {FC2E7AC9-7956-462E-ACB8-FA74DC3AEACB}
	EndGlobalSection
	GlobalSection(ExtensibilityGlobals) = postSolution
		SolutionGuid = {2F0A0903-B934-4409-B50C-E07D5C15060C}
	EndGlobalSection
EndGlobal
